
Microsoft Visual Studio Solution File, Format Version 12.00
Project("{FAE04EC0-301F-11D3-BF4B-00C04F79EFBC}") = "CS2DontBlindMe", "CS2DontBlindMe\CS2DontBlindMe.csproj", "{0B01D6BD-39A8-4078-82E5-EF85684167B3}"
EndProject
Global
	GlobalSection(SolutionConfigurationPlatforms) = preSolution
		Debug|Any CPU = Debug|Any CPU
		Release|Any CPU = Release|Any CPU
	EndGlobalSection
	GlobalSection(ProjectConfigurationPlatforms) = postSolution
		{0B01D6BD-39A8-4078-82E5-EF85684167B3}.Debug|Any CPU.ActiveCfg = Debug|Any CPU
		{0B01D6BD-39A8-4078-82E5-EF85684167B3}.Debug|Any CPU.Build.0 = Debug|Any CPU
		{0B01D6BD-39A8-4078-82E5-EF85684167B3}.Release|Any CPU.ActiveCfg = Release|Any CPU
		{0B01D6BD-39A8-4078-82E5-EF85684167B3}.Release|Any CPU.Build.0 = Release|Any CPU
	EndGlobalSection
EndGlobal
